// !$*UTF8*$!
{
	archiveVersion = 1;
	classes = {
	};
	objectVersion = 56;
	objects = {

/* Begin PBXBuildFile section */
		61951C672B03DB5F009C3D38 /* JigApp.swift in Sources */ = {isa = PBXBuildFile; fileRef = 61951C662B03DB5F009C3D38 /* JigApp.swift */; };
		61951C692B03DB5F009C3D38 /* ContentView.swift in Sources */ = {isa = PBXBuildFile; fileRef = 61951C682B03DB5F009C3D38 /* ContentView.swift */; };
		61951C6B2B03DB61009C3D38 /* Assets.xcassets in Resources */ = {isa = PBXBuildFile; fileRef = 61951C6A2B03DB61009C3D38 /* Assets.xcassets */; };
		61951C6E2B03DB61009C3D38 /* Preview Assets.xcassets in Resources */ = {isa = PBXBuildFile; fileRef = 61951C6D2B03DB61009C3D38 /* Preview Assets.xcassets */; };
		61951C752B0502FE009C3D38 /* plusview.swift in Sources */ = {isa = PBXBuildFile; fileRef = 61951C742B0502FE009C3D38 /* plusview.swift */; };
		61951C772B050312009C3D38 /* GearView.swift in Sources */ = {isa = PBXBuildFile; fileRef = 61951C762B050312009C3D38 /* GearView.swift */; };
		61951C792B050329009C3D38 /* personView.swift in Sources */ = {isa = PBXBuildFile; fileRef = 61951C782B050329009C3D38 /* personView.swift */; };
/* End PBXBuildFile section */

/* Begin PBXFileReference section */
		61951C632B03DB5F009C3D38 /* Jig.app */ = {isa = PBXFileReference; explicitFileType = wrapper.application; includeInIndex = 0; path = Jig.app; sourceTree = BUILT_PRODUCTS_DIR; };
		61951C662B03DB5F009C3D38 /* JigApp.swift */ = {isa = PBXFileReference; lastKnownFileType = sourcecode.swift; path = JigApp.swift; sourceTree = "<group>"; };
		61951C682B03DB5F009C3D38 /* ContentView.swift */ = {isa = PBXFileReference; lastKnownFileType = sourcecode.swift; path = ContentView.swift; sourceTree = "<group>"; };
		61951C6A2B03DB61009C3D38 /* Assets.xcassets */ = {isa = PBXFileReference; lastKnownFileType = folder.assetcatalog; path = Assets.xcassets; sourceTree = "<group>"; };
		61951C6D2B03DB61009C3D38 /* Preview Assets.xcassets */ = {isa = PBXFileReference; lastKnownFileType = folder.assetcatalog; path = "Preview Assets.xcassets"; sourceTree = "<group>"; };
		61951C742B0502FE009C3D38 /* plusview.swift */ = {isa = PBXFileReference; lastKnownFileType = sourcecode.swift; path = plusview.swift; sourceTree = "<group>"; };
		61951C762B050312009C3D38 /* GearView.swift */ = {isa = PBXFileReference; lastKnownFileType = sourcecode.swift; path = GearView.swift; sourceTree = "<group>"; };
		61951C782B050329009C3D38 /* personView.swift */ = {isa = PBXFileReference; lastKnownFileType = sourcecode.swift; path = personView.swift; sourceTree = "<group>"; };
/* End PBXFileReference section */

/* Begin PBXFrameworksBuildPhase section */
		61951C602B03DB5F009C3D38 /* Frameworks */ = {
			isa = PBXFrameworksBuildPhase;
			buildActionMask = 2147483647;
			files = (
			);
			runOnlyForDeploymentPostprocessing = 0;
		};
/* End PBXFrameworksBuildPhase section */

/* Begin PBXGroup section */
		61951C5A2B03DB5F009C3D38 = {
			isa = PBXGroup;
			children = (
				61951C652B03DB5F009C3D38 /* Jig */,
				61951C642B03DB5F009C3D38 /* Products */,
			);
			sourceTree = "<group>";
		};
		61951C642B03DB5F009C3D38 /* Products */ = {
			isa = PBXGroup;
			children = (
				61951C632B03DB5F009C3D38 /* Jig.app */,
			);
			name = Products;
			sourceTree = "<group>";
		};
		61951C652B03DB5F009C3D38 /* Jig */ = {
			isa = PBXGroup;
			children = (
				61951C662B03DB5F009C3D38 /* JigApp.swift */,
				61951C682B03DB5F009C3D38 /* ContentView.swift */,
				61951C742B0502FE009C3D38 /* plusview.swift */,
				61951C762B050312009C3D38 /* GearView.swift */,
				61951C782B050329009C3D38 /* personView.swift */,
				61951C6A2B03DB61009C3D38 /* Assets.xcassets */,
				61951C6C2B03DB61009C3D38 /* Preview Content */,
			);
			path = Jig;
			sourceTree = "<group>";
		};
		61951C6C2B03DB61009C3D38 /* Preview Content */ = {
			isa = PBXGroup;
			children = (
				61951C6D2B03DB61009C3D38 /* Preview Assets.xcassets */,
			);
			path = "Preview Content";
			sourceTree = "<group>";
		};
/* End PBXGroup section */

/* Begin PBXNativeTarget section */
		61951C622B03DB5F009C3D38 /* Jig */ = {
			isa = PBXNativeTarget;
			buildConfigurationList = 61951C712B03DB61009C3D38 /* Build configuration list for PBXNativeTarget "Jig" */;
			buildPhases = (
				61951C5F2B03DB5F009C3D38 /* Sources */,
				61951C602B03DB5F009C3D38 /* Frameworks */,
				61951C612B03DB5F009C3D38 /* Resources */,
			);
			buildRules = (
			);
			dependencies = (
			);
			name = Jig;
			productName = Jig;
			productReference = 61951C632B03DB5F009C3D38 /* Jig.app */;
			productType = "com.apple.product-type.application";
		};
/* End PBXNativeTarget section */

/* Begin PBXProject section */
		61951C5B2B03DB5F009C3D38 /* Project object */ = {
			isa = PBXProject;
			attributes = {
				BuildIndependentTargetsInParallel = 1;
				LastSwiftUpdateCheck = 1500;
				LastUpgradeCheck = 1500;
				TargetAttributes = {
					61951C622B03DB5F009C3D38 = {
						CreatedOnToolsVersion = 15.0;
					};
				};
			};
			buildConfigurationList = 61951C5E2B03DB5F009C3D38 /* Build configuration list for PBXProject "Jig" */;
			compatibilityVersion = "Xcode 14.0";
			developmentRegion = en;
			hasScannedForEncodings = 0;
			knownRegions = (
				en,
				Base,
			);
			mainGroup = 61951C5A2B03DB5F009C3D38;
			productRefGroup = 61951C642B03DB5F009C3D38 /* Products */;
			projectDirPath = "";
			projectRoot = "";
			targets = (
				61951C622B03DB5F009C3D38 /* Jig */,
			);
		};
/* End PBXProject section */

/* Begin PBXResourcesBuildPhase section */
		61951C612B03DB5F009C3D38 /* Resources */ = {
			isa = PBXResourcesBuildPhase;
			buildActionMask = 2147483647;
			files = (
				61951C6E2B03DB61009C3D38 /* Preview Assets.xcassets in Resources */,
				61951C6B2B03DB61009C3D38 /* Assets.xcassets in Resources */,
			);
			runOnlyForDeploymentPostprocessing = 0;
		};
/* End PBXResourcesBuildPhase section */

/* Begin PBXSourcesBuildPhase section */
		61951C5F2B03DB5F009C3D38 /* Sources */ = {
			isa = PBXSourcesBuildPhase;
			buildActionMask = 2147483647;
			files = (
				61951C792B050329009C3D38 /* personView.swift in Sources */,
				61951C752B0502FE009C3D38 /* plusview.swift in Sources */,
				61951C692B03DB5F009C3D38 /* ContentView.swift in Sources */,
				61951C672B03DB5F009C3D38 /* JigApp.swift in Sources */,
				61951C772B050312009C3D38 /* GearView.swift in Sources */,
			);
			runOnlyForDeploymentPostprocessing = 0;
		};
/* End PBXSourcesBuildPhase section */

/* Begin XCBuildConfiguration section */
		61951C6F2B03DB61009C3D38 /* Debug */ = {
			isa = XCBuildConfiguration;
			buildSettings = {
				ALWAYS_SEARCH_USER_PATHS = NO;
				ASSETCATALOG_COMPILER_GENERATE_SWIFT_ASSET_SYMBOL_EXTENSIONS = YES;
				CLANG_ANALYZER_NONNULL = YES;
				CLANG_ANALYZER_NUMBER_OBJECT_CONVERSION = YES_AGGRESSIVE;
				CLANG_CXX_LANGUAGE_STANDARD = "gnu++20";
				CLANG_ENABLE_MODULES = YES;
				CLANG_ENABLE_OBJC_ARC = YES;
				CLANG_ENABLE_OBJC_WEAK = YES;
				CLANG_WARN_BLOCK_CAPTURE_AUTORELEASING = YES;
				CLANG_WARN_BOOL_CONVERSION = YES;
				CLANG_WARN_COMMA = YES;
				CLANG_WARN_CONSTANT_CONVERSION = YES;
				CLANG_WARN_DEPRECATED_OBJC_IMPLEMENTATIONS = YES;
				CLANG_WARN_DIRECT_OBJC_ISA_USAGE = YES_ERROR;
				CLANG_WARN_DOCUMENTATION_COMMENTS = YES;
				CLANG_WARN_EMPTY_BODY = YES;
				CLANG_WARN_ENUM_CONVERSION = YES;
				CLANG_WARN_INFINITE_RECURSION = YES;
				CLANG_WARN_INT_CONVERSION = YES;
				CLANG_WARN_NON_LITERAL_NULL_CONVERSION = YES;
				CLANG_WARN_OBJC_IMPLICIT_RETAIN_SELF = YES;
				CLANG_WARN_OBJC_LITERAL_CONVERSION = YES;
				CLANG_WARN_OBJC_ROOT_CLASS = YES_ERROR;
				CLANG_WARN_QUOTED_INCLUDE_IN_FRAMEWORK_HEADER = YES;
				CLANG_WARN_RANGE_LOOP_ANALYSIS = YES;
				CLANG_WARN_STRICT_PROTOTYPES = YES;
				CLANG_WARN_SUSPICIOUS_MOVE = YES;
				CLANG_WARN_UNGUARDED_AVAILABILITY = YES_AGGRESSIVE;
				CLANG_WARN_UNREACHABLE_CODE = YES;
				CLANG_WARN__DUPLICATE_METHOD_MATCH = YES;
				COPY_PHASE_STRIP = NO;
				DEBUG_INFORMATION_FORMAT = dwarf;
				ENABLE_STRICT_OBJC_MSGSEND = YES;
				ENABLE_TESTABILITY = YES;
				ENABLE_USER_SCRIPT_SANDBOXING = YES;
				GCC_C_LANGUAGE_STANDARD = gnu17;
				GCC_DYNAMIC_NO_PIC = NO;
				GCC_NO_COMMON_BLOCKS = YES;
				GCC_OPTIMIZATION_LEVEL = 0;
				GCC_PREPROCESSOR_DEFINITIONS = (
					"DEBUG=1",
					"$(inherited)",
				);
				GCC_WARN_64_TO_32_BIT_CONVERSION = YES;
				GCC_WARN_ABOUT_RETURN_TYPE = YES_ERROR;
				GCC_WARN_UNDECLARED_SELECTOR = YES;
				GCC_WARN_UNINITIALIZED_AUTOS = YES_AGGRESSIVE;
				GCC_WARN_UNUSED_FUNCTION = YES;
				GCC_WARN_UNUSED_VARIABLE = YES;
				IPHONEOS_DEPLOYMENT_TARGET = 17.0;
				LOCALIZATION_PREFERS_STRING_CATALOGS = YES;
				MTL_ENABLE_DEBUG_INFO = INCLUDE_SOURCE;
				MTL_FAST_MATH = YES;
				ONLY_ACTIVE_ARCH = YES;
				SDKROOT = iphoneos;
				SWIFT_ACTIVE_COMPILATION_CONDITIONS = "DEBUG $(inherited)";
				SWIFT_OPTIMIZATION_LEVEL = "-Onone";
			};
			name = Debug;
		};
		61951C702B03DB61009C3D38 /* Release */ = {
			isa = XCBuildConfiguration;
			buildSettings = {
				ALWAYS_SEARCH_USER_PATHS = NO;
				ASSETCATALOG_COMPILER_GENERATE_SWIFT_ASSET_SYMBOL_EXTENSIONS = YES;
				CLANG_ANALYZER_NONNULL = YES;
				CLANG_ANALYZER_NUMBER_OBJECT_CONVERSION = YES_AGGRESSIVE;
				CLANG_CXX_LANGUAGE_STANDARD = "gnu++20";
				CLANG_ENABLE_MODULES = YES;
				CLANG_ENABLE_OBJC_ARC = YES;
				CLANG_ENABLE_OBJC_WEAK = YES;
				CLANG_WARN_BLOCK_CAPTURE_AUTORELEASING = YES;
				CLANG_WARN_BOOL_CONVERSION = YES;
				CLANG_WARN_COMMA = YES;
				CLANG_WARN_CONSTANT_CONVERSION = YES;
				CLANG_WARN_DEPRECATED_OBJC_IMPLEMENTATIONS = YES;
				CLANG_WARN_DIRECT_OBJC_ISA_USAGE = YES_ERROR;
				CLANG_WARN_DOCUMENTATION_COMMENTS = YES;
				CLANG_WARN_EMPTY_BODY = YES;
				CLANG_WARN_ENUM_CONVERSION = YES;
				CLANG_WARN_INFINITE_RECURSION = YES;
				CLANG_WARN_INT_CONVERSION = YES;
				CLANG_WARN_NON_LITERAL_NULL_CONVERSION = YES;
				CLANG_WARN_OBJC_IMPLICIT_RETAIN_SELF = YES;
				CLANG_WARN_OBJC_LITERAL_CONVERSION = YES;
				CLANG_WARN_OBJC_ROOT_CLASS = YES_ERROR;
				CLANG_WARN_QUOTED_INCLUDE_IN_FRAMEWORK_HEADER = YES;
				CLANG_WARN_RANGE_LOOP_ANALYSIS = YES;
				CLANG_WARN_STRICT_PROTOTYPES = YES;
				CLANG_WARN_SUSPICIOUS_MOVE = YES;
				CLANG_WARN_UNGUARDED_AVAILABILITY = YES_AGGRESSIVE;
				CLANG_WARN_UNREACHABLE_CODE = YES;
				CLANG_WARN__DUPLICATE_METHOD_MATCH = YES;
				COPY_PHASE_STRIP = NO;
				DEBUG_INFORMATION_FORMAT = "dwarf-with-dsym";
				ENABLE_NS_ASSERTIONS = NO;
				ENABLE_STRICT_OBJC_MSGSEND = YES;
				ENABLE_USER_SCRIPT_SANDBOXING = YES;
				GCC_C_LANGUAGE_STANDARD = gnu17;
				GCC_NO_COMMON_BLOCKS = YES;
				GCC_WARN_64_TO_32_BIT_CONVERSION = YES;
				GCC_WARN_ABOUT_RETURN_TYPE = YES_ERROR;
				GCC_WARN_UNDECLARED_SELECTOR = YES;
				GCC_WARN_UNINITIALIZED_AUTOS = YES_AGGRESSIVE;
				GCC_WARN_UNUSED_FUNCTION = YES;
				GCC_WARN_UNUSED_VARIABLE = YES;
				IPHONEOS_DEPLOYMENT_TARGET = 17.0;
				LOCALIZATION_PREFERS_STRING_CATALOGS = YES;
				MTL_ENABLE_DEBUG_INFO = NO;
				MTL_FAST_MATH = YES;
				SDKROOT = iphoneos;
				SWIFT_COMPILATION_MODE = wholemodule;
				VALIDATE_PRODUCT = YES;
			};
			name = Release;
		};
		61951C722B03DB61009C3D38 /* Debug */ = {
			isa = XCBuildConfiguration;
			buildSettings = {
				ASSETCATALOG_COMPILER_APPICON_NAME = AppIcon;
				ASSETCATALOG_COMPILER_GLOBAL_ACCENT_COLOR_NAME = AccentColor;
				CODE_SIGN_STYLE = Automatic;
				CURRENT_PROJECT_VERSION = 1;
				DEVELOPMENT_ASSET_PATHS = "\"Jig/Preview Content\"";
				DEVELOPMENT_TEAM = APLWN77NR8;
				ENABLE_PREVIEWS = YES;
				GENERATE_INFOPLIST_FILE = YES;
				INFOPLIST_KEY_UIApplicationSceneManifest_Generation = YES;
				INFOPLIST_KEY_UIApplicationSupportsIndirectInputEvents = YES;
				INFOPLIST_KEY_UILaunchScreen_Generation = YES;
				INFOPLIST_KEY_UISupportedInterfaceOrientations_iPad = "UIInterfaceOrientationPortrait UIInterfaceOrientationPortraitUpsideDown UIInterfaceOrientationLandscapeLeft UIInterfaceOrientationLandscapeRight";
				INFOPLIST_KEY_UISupportedInterfaceOrientations_iPhone = "UIInterfaceOrientationPortrait UIInterfaceOrientationLandscapeLeft UIInterfaceOrientationLandscapeRight";
				LD_RUNPATH_SEARCH_PATHS = (
					"$(inherited)",
					"@executable_path/Frameworks",
				);
				MARKETING_VERSION = 1.0;
				PRODUCT_BUNDLE_IDENTIFIER = com.lorenzospinosa.Jig;
				PRODUCT_NAME = "$(TARGET_NAME)";
				SWIFT_EMIT_LOC_STRINGS = YES;
				SWIFT_VERSION = 5.0;
				TARGETED_DEVICE_FAMILY = "1,2";
			};
			name = Debug;
		};
		61951C732B03DB61009C3D38 /* Release */ = {
			isa = XCBuildConfiguration;
			buildSettings = {
				ASSETCATALOG_COMPILER_APPICON_NAME = AppIcon;
				ASSETCATALOG_COMPILER_GLOBAL_ACCENT_COLOR_NAME = AccentColor;
				CODE_SIGN_STYLE = Automatic;
				CURRENT_PROJECT_VERSION = 1;
				DEVELOPMENT_ASSET_PATHS = "\"Jig/Preview Content\"";
				DEVELOPMENT_TEAM = APLWN77NR8;
				ENABLE_PREVIEWS = YES;
				GENERATE_INFOPLIST_FILE = YES;
				INFOPLIST_KEY_UIApplicationSceneManifest_Generation = YES;
				INFOPLIST_KEY_UIApplicationSupportsIndirectInputEvents = YES;
				INFOPLIST_KEY_UILaunchScreen_Generation = YES;
				INFOPLIST_KEY_UISupportedInterfaceOrientations_iPad = "UIInterfaceOrientationPortrait UIInterfaceOrientationPortraitUpsideDown UIInterfaceOrientationLandscapeLeft UIInterfaceOrientationLandscapeRight";
				INFOPLIST_KEY_UISupportedInterfaceOrientations_iPhone = "UIInterfaceOrientationPortrait UIInterfaceOrientationLandscapeLeft UIInterfaceOrientationLandscapeRight";
				LD_RUNPATH_SEARCH_PATHS = (
					"$(inherited)",
					"@executable_path/Frameworks",
				);
				MARKETING_VERSION = 1.0;
				PRODUCT_BUNDLE_IDENTIFIER = com.lorenzospinosa.Jig;
				PRODUCT_NAME = "$(TARGET_NAME)";
				SWIFT_EMIT_LOC_STRINGS = YES;
				SWIFT_VERSION = 5.0;
				TARGETED_DEVICE_FAMILY = "1,2";
			};
			name = Release;
		};
/* End XCBuildConfiguration section */

/* Begin XCConfigurationList section */
		61951C5E2B03DB5F009C3D38 /* Build configuration list for PBXProject "Jig" */ = {
			isa = XCConfigurationList;
			buildConfigurations = (
				61951C6F2B03DB61009C3D38 /* Debug */,
				61951C702B03DB61009C3D38 /* Release */,
			);
			defaultConfigurationIsVisible = 0;
			defaultConfigurationName = Release;
		};
		61951C712B03DB61009C3D38 /* Build configuration list for PBXNativeTarget "Jig" */ = {
			isa = XCConfigurationList;
			buildConfigurations = (
				61951C722B03DB61009C3D38 /* Debug */,
				61951C732B03DB61009C3D38 /* Release */,
			);
			defaultConfigurationIsVisible = 0;
			defaultConfigurationName = Release;
		};
/* End XCConfigurationList section */
	};
	rootObject = 61951C5B2B03DB5F009C3D38 /* Project object */;
}
